
Microsoft Visual Studio Solution File, Format Version 12.00
# Visual Studio 15
VisualStudioVersion = 15.0.28307.539
MinimumVisualStudioVersion = 10.0.40219.1
Project("{FAE04EC0-301F-11D3-BF4B-00C04F79EFBC}") = "MachineLearningApplications", "MachineLearningApplications\MachineLearningApplications.csproj", "{1BBE091F-383C-4202-A570-0A3B0E0B5302}"
EndProject
Project("{FAE04EC0-301F-11D3-BF4B-00C04F79EFBC}") = "MachineLearningTester", "MachineLearningTester\MachineLearningTester.csproj", "{D249432C-A405-451F-B988-53F18DFDE783}"
EndProject
Global
	GlobalSection(SolutionConfigurationPlatforms) = preSolution
		Debug|Any CPU = Debug|Any CPU
		Release|Any CPU = Release|Any CPU
	EndGlobalSection
	GlobalSection(ProjectConfigurationPlatforms) = postSolution
		{1BBE091F-383C-4202-A570-0A3B0E0B5302}.Debug|Any CPU.ActiveCfg = Debug|Any CPU
		{1BBE091F-383C-4202-A570-0A3B0E0B5302}.Debug|Any CPU.Build.0 = Debug|Any CPU
		{1BBE091F-383C-4202-A570-0A3B0E0B5302}.Release|Any CPU.ActiveCfg = Release|Any CPU
		{1BBE091F-383C-4202-A570-0A3B0E0B5302}.Release|Any CPU.Build.0 = Release|Any CPU
		{D249432C-A405-451F-B988-53F18DFDE783}.Debug|Any CPU.ActiveCfg = Debug|Any CPU
		{D249432C-A405-451F-B988-53F18DFDE783}.Debug|Any CPU.Build.0 = Debug|Any CPU
		{D249432C-A405-451F-B988-53F18DFDE783}.Release|Any CPU.ActiveCfg = Release|Any CPU
		{D249432C-A405-451F-B988-53F18DFDE783}.Release|Any CPU.Build.0 = Release|Any CPU
	EndGlobalSection
	GlobalSection(SolutionProperties) = preSolution
		HideSolutionNode = FALSE
	EndGlobalSection
	GlobalSection(ExtensibilityGlobals) = postSolution
		SolutionGuid = {E90CFEF8-A0A1-4426-A23D-4A4420105409}
	EndGlobalSection
EndGlobal
